
Microsoft Visual Studio Solution File, Format Version 12.00
Project("{FAE04EC0-301F-11D3-BF4B-00C04F79EFBC}") = "WerWirdMillionaer", "WerWirdMillionaer\WerWirdMillionaer.csproj", "{1FF8930D-3785-4696-BC68-CABD71A4F82F}"
EndProject
Global
	GlobalSection(SolutionConfigurationPlatforms) = preSolution
		Debug|Any CPU = Debug|Any CPU
		Release|Any CPU = Release|Any CPU
	EndGlobalSection
	GlobalSection(ProjectConfigurationPlatforms) = postSolution
		{1FF8930D-3785-4696-BC68-CABD71A4F82F}.Debug|Any CPU.ActiveCfg = Debug|Any CPU
		{1FF8930D-3785-4696-BC68-CABD71A4F82F}.Debug|Any CPU.Build.0 = Debug|Any CPU
		{1FF8930D-3785-4696-BC68-CABD71A4F82F}.Release|Any CPU.ActiveCfg = Release|Any CPU
		{1FF8930D-3785-4696-BC68-CABD71A4F82F}.Release|Any CPU.Build.0 = Release|Any CPU
	EndGlobalSection
EndGlobal
